
Microsoft Visual Studio Solution File, Format Version 12.00
# Visual Studio Version 16
VisualStudioVersion = 16.0.32602.291
MinimumVisualStudioVersion = 10.0.40219.1
Project("{FAE04EC0-301F-11D3-BF4B-00C04F79EFBC}") = "ViewState_Work", "ViewState_Work\ViewState_Work.csproj", "{7CE399DC-92AF-4510-BB4B-F7D9192F5090}"
EndProject
Global
	GlobalSection(SolutionConfigurationPlatforms) = preSolution
		Debug|Any CPU = Debug|Any CPU
		Release|Any CPU = Release|Any CPU
	EndGlobalSection
	GlobalSection(ProjectConfigurationPlatforms) = postSolution
		{7CE399DC-92AF-4510-BB4B-F7D9192F5090}.Debug|Any CPU.ActiveCfg = Debug|Any CPU
		{7CE399DC-92AF-4510-BB4B-F7D9192F5090}.Debug|Any CPU.Build.0 = Debug|Any CPU
		{7CE399DC-92AF-4510-BB4B-F7D9192F5090}.Release|Any CPU.ActiveCfg = Release|Any CPU
		{7CE399DC-92AF-4510-BB4B-F7D9192F5090}.Release|Any CPU.Build.0 = Release|Any CPU
	EndGlobalSection
	GlobalSection(SolutionProperties) = preSolution
		HideSolutionNode = FALSE
	EndGlobalSection
	GlobalSection(ExtensibilityGlobals) = postSolution
		SolutionGuid = {DFE0BD1D-FEA8-42FE-AD2F-93BC1F498D2B}
	EndGlobalSection
EndGlobal
